
Microsoft Visual Studio Solution File, Format Version 12.00
# Visual Studio Version 16
VisualStudioVersion = 16.0.29613.14
MinimumVisualStudioVersion = 10.0.40219.1
Project("{FAE04EC0-301F-11D3-BF4B-00C04F79EFBC}") = "1_hello_project", "IfcSharp\hello_project\1_hello_project.csproj", "{1B536DBB-2CDD-4B46-8358-C3137152B82A}"
EndProject
Project("{FAE04EC0-301F-11D3-BF4B-00C04F79EFBC}") = "2_hello_pipe", "IfcSharp\hello_pipe\2_hello_pipe.csproj", "{30306C1F-35C6-4897-A906-0FD6964AEEA7}"
EndProject
Project("{FAE04EC0-301F-11D3-BF4B-00C04F79EFBC}") = "3_from_step", "IfcStep\from_step\3_from_step.csproj", "{2577C7A5-2ED1-4BE8-B674-E51541E03248}"
EndProject
Project("{FAE04EC0-301F-11D3-BF4B-00C04F79EFBC}") = "4_from_sqlite", "IfcSqlite\from_sqlite\4_from_sqlite.csproj", "{0B9A18E1-5D4A-48B7-895D-84A74B1D163C}"
EndProject
Project("{FAE04EC0-301F-11D3-BF4B-00C04F79EFBC}") = "5_hello_schema", "IfcSharp\hello_schema\5_hello_schema.csproj", "{E1FE7B46-B6D1-4809-BFD7-1921193DE7AB}"
EndProject
Project("{FAE04EC0-301F-11D3-BF4B-00C04F79EFBC}") = "6_from_ifcSQL", "ifcSQL\from_ifcSQL\6_from_ifcSQL.csproj", "{F9F0213A-A8B8-4494-A2CD-9A24EE31D1DA}"
EndProject
Project("{FAE04EC0-301F-11D3-BF4B-00C04F79EFBC}") = "7_hello_pipe_type", "IfcSharp\hello_pipe_type\7_hello_pipe_type.csproj", "{8F81DEED-F238-4B4B-8DAE-3AA682F79F01}"
EndProject
Global
	GlobalSection(SolutionConfigurationPlatforms) = preSolution
		Debug|x86 = Debug|x86
		Release|x86 = Release|x86
	EndGlobalSection
	GlobalSection(ProjectConfigurationPlatforms) = postSolution
		{1B536DBB-2CDD-4B46-8358-C3137152B82A}.Debug|x86.ActiveCfg = Debug|x86
		{1B536DBB-2CDD-4B46-8358-C3137152B82A}.Debug|x86.Build.0 = Debug|x86
		{1B536DBB-2CDD-4B46-8358-C3137152B82A}.Release|x86.ActiveCfg = Release|x86
		{1B536DBB-2CDD-4B46-8358-C3137152B82A}.Release|x86.Build.0 = Release|x86
		{30306C1F-35C6-4897-A906-0FD6964AEEA7}.Debug|x86.ActiveCfg = Debug|x86
		{30306C1F-35C6-4897-A906-0FD6964AEEA7}.Debug|x86.Build.0 = Debug|x86
		{30306C1F-35C6-4897-A906-0FD6964AEEA7}.Release|x86.ActiveCfg = Release|x86
		{30306C1F-35C6-4897-A906-0FD6964AEEA7}.Release|x86.Build.0 = Release|x86
		{2577C7A5-2ED1-4BE8-B674-E51541E03248}.Debug|x86.ActiveCfg = Debug|x86
		{2577C7A5-2ED1-4BE8-B674-E51541E03248}.Debug|x86.Build.0 = Debug|x86
		{2577C7A5-2ED1-4BE8-B674-E51541E03248}.Release|x86.ActiveCfg = Release|x86
		{2577C7A5-2ED1-4BE8-B674-E51541E03248}.Release|x86.Build.0 = Release|x86
		{0B9A18E1-5D4A-48B7-895D-84A74B1D163C}.Debug|x86.ActiveCfg = Debug|x86
		{0B9A18E1-5D4A-48B7-895D-84A74B1D163C}.Debug|x86.Build.0 = Debug|x86
		{0B9A18E1-5D4A-48B7-895D-84A74B1D163C}.Release|x86.ActiveCfg = Release|x86
		{0B9A18E1-5D4A-48B7-895D-84A74B1D163C}.Release|x86.Build.0 = Release|x86
		{E1FE7B46-B6D1-4809-BFD7-1921193DE7AB}.Debug|x86.ActiveCfg = Debug|x86
		{E1FE7B46-B6D1-4809-BFD7-1921193DE7AB}.Debug|x86.Build.0 = Debug|x86
		{E1FE7B46-B6D1-4809-BFD7-1921193DE7AB}.Release|x86.ActiveCfg = Release|x86
		{E1FE7B46-B6D1-4809-BFD7-1921193DE7AB}.Release|x86.Build.0 = Release|x86
		{F9F0213A-A8B8-4494-A2CD-9A24EE31D1DA}.Debug|x86.ActiveCfg = Debug|x86
		{F9F0213A-A8B8-4494-A2CD-9A24EE31D1DA}.Debug|x86.Build.0 = Debug|x86
		{F9F0213A-A8B8-4494-A2CD-9A24EE31D1DA}.Release|x86.ActiveCfg = Release|x86
		{F9F0213A-A8B8-4494-A2CD-9A24EE31D1DA}.Release|x86.Build.0 = Release|x86
		{8F81DEED-F238-4B4B-8DAE-3AA682F79F01}.Debug|x86.ActiveCfg = Debug|x86
		{8F81DEED-F238-4B4B-8DAE-3AA682F79F01}.Debug|x86.Build.0 = Debug|x86
		{8F81DEED-F238-4B4B-8DAE-3AA682F79F01}.Release|x86.ActiveCfg = Release|x86
		{8F81DEED-F238-4B4B-8DAE-3AA682F79F01}.Release|x86.Build.0 = Release|x86
	EndGlobalSection
	GlobalSection(SolutionProperties) = preSolution
		HideSolutionNode = FALSE
	EndGlobalSection
	GlobalSection(ExtensibilityGlobals) = postSolution
		SolutionGuid = {B858AF59-7FB1-45C0-9B31-D88CD03B4A2E}
	EndGlobalSection
EndGlobal
